// !$*UTF8*$!
{
	archiveVersion = 1;
	classes = {
	};
	objectVersion = 46;
	objects = {

/* Begin PBXBuildFile section */
		6D62311A1C87024200130F86 /* AppDelegate.swift in Sources */ = {isa = PBXBuildFile; fileRef = 6D6231191C87024200130F86 /* AppDelegate.swift */; };
		6D62311C1C87024200130F86 /* ViewController.swift in Sources */ = {isa = PBXBuildFile; fileRef = 6D62311B1C87024200130F86 /* ViewController.swift */; };
		6D62311F1C87024200130F86 /* Main.storyboard in Resources */ = {isa = PBXBuildFile; fileRef = 6D62311D1C87024200130F86 /* Main.storyboard */; };
		6D6231211C87024200130F86 /* Assets.xcassets in Resources */ = {isa = PBXBuildFile; fileRef = 6D6231201C87024200130F86 /* Assets.xcassets */; };
		6D6231241C87024200130F86 /* LaunchScreen.storyboard in Resources */ = {isa = PBXBuildFile; fileRef = 6D6231221C87024200130F86 /* LaunchScreen.storyboard */; };
		6D62312C1C87039D00130F86 /* Album.swift in Sources */ = {isa = PBXBuildFile; fileRef = 6D62312B1C87039D00130F86 /* Album.swift */; };
		6D62312E1C87044D00130F86 /* Track.swift in Sources */ = {isa = PBXBuildFile; fileRef = 6D62312D1C87044D00130F86 /* Track.swift */; };
		6D6231341C87073600130F86 /* TrackCell.swift in Sources */ = {isa = PBXBuildFile; fileRef = 6D6231331C87073600130F86 /* TrackCell.swift */; };
		6D6231381C871ADC00130F86 /* DataSource.swift in Sources */ = {isa = PBXBuildFile; fileRef = 6D6231371C871ADC00130F86 /* DataSource.swift */; };
/* End PBXBuildFile section */

/* Begin PBXFileReference section */
		6D6231161C87024200130F86 /* TrySwiftTableView.app */ = {isa = PBXFileReference; explicitFileType = wrapper.application; includeInIndex = 0; path = TrySwiftTableView.app; sourceTree = BUILT_PRODUCTS_DIR; };
		6D6231191C87024200130F86 /* AppDelegate.swift */ = {isa = PBXFileReference; lastKnownFileType = sourcecode.swift; path = AppDelegate.swift; sourceTree = "<group>"; };
		6D62311B1C87024200130F86 /* ViewController.swift */ = {isa = PBXFileReference; lastKnownFileType = sourcecode.swift; path = ViewController.swift; sourceTree = "<group>"; };
		6D62311E1C87024200130F86 /* Base */ = {isa = PBXFileReference; lastKnownFileType = file.storyboard; name = Base; path = Base.lproj/Main.storyboard; sourceTree = "<group>"; };
		6D6231201C87024200130F86 /* Assets.xcassets */ = {isa = PBXFileReference; lastKnownFileType = folder.assetcatalog; path = Assets.xcassets; sourceTree = "<group>"; };
		6D6231231C87024200130F86 /* Base */ = {isa = PBXFileReference; lastKnownFileType = file.storyboard; name = Base; path = Base.lproj/LaunchScreen.storyboard; sourceTree = "<group>"; };
		6D6231251C87024200130F86 /* Info.plist */ = {isa = PBXFileReference; lastKnownFileType = text.plist.xml; path = Info.plist; sourceTree = "<group>"; };
		6D62312B1C87039D00130F86 /* Album.swift */ = {isa = PBXFileReference; fileEncoding = 4; lastKnownFileType = sourcecode.swift; path = Album.swift; sourceTree = "<group>"; };
		6D62312D1C87044D00130F86 /* Track.swift */ = {isa = PBXFileReference; fileEncoding = 4; lastKnownFileType = sourcecode.swift; path = Track.swift; sourceTree = "<group>"; };
		6D6231331C87073600130F86 /* TrackCell.swift */ = {isa = PBXFileReference; fileEncoding = 4; lastKnownFileType = sourcecode.swift; path = TrackCell.swift; sourceTree = "<group>"; };
		6D6231371C871ADC00130F86 /* DataSource.swift */ = {isa = PBXFileReference; fileEncoding = 4; lastKnownFileType = sourcecode.swift; path = DataSource.swift; sourceTree = "<group>"; };
/* End PBXFileReference section */

/* Begin PBXFrameworksBuildPhase section */
		6D6231131C87024200130F86 /* Frameworks */ = {
			isa = PBXFrameworksBuildPhase;
			buildActionMask = 2147483647;
			files = (
			);
			runOnlyForDeploymentPostprocessing = 0;
		};
/* End PBXFrameworksBuildPhase section */

/* Begin PBXGroup section */
		6D62310D1C87024200130F86 = {
			isa = PBXGroup;
			children = (
				6D6231181C87024200130F86 /* TrySwiftTableView */,
				6D6231171C87024200130F86 /* Products */,
			);
			sourceTree = "<group>";
		};
		6D6231171C87024200130F86 /* Products */ = {
			isa = PBXGroup;
			children = (
				6D6231161C87024200130F86 /* TrySwiftTableView.app */,
			);
			name = Products;
			sourceTree = "<group>";
		};
		6D6231181C87024200130F86 /* TrySwiftTableView */ = {
			isa = PBXGroup;
			children = (
				6D6231191C87024200130F86 /* AppDelegate.swift */,
				6D62311B1C87024200130F86 /* ViewController.swift */,
				6D6231371C871ADC00130F86 /* DataSource.swift */,
				6D62312B1C87039D00130F86 /* Album.swift */,
				6D62312D1C87044D00130F86 /* Track.swift */,
				6D6231331C87073600130F86 /* TrackCell.swift */,
				6D62311D1C87024200130F86 /* Main.storyboard */,
				6D6231201C87024200130F86 /* Assets.xcassets */,
				6D6231221C87024200130F86 /* LaunchScreen.storyboard */,
				6D6231251C87024200130F86 /* Info.plist */,
			);
			path = TrySwiftTableView;
			sourceTree = "<group>";
		};
/* End PBXGroup section */

/* Begin PBXNativeTarget section */
		6D6231151C87024200130F86 /* TrySwiftTableView */ = {
			isa = PBXNativeTarget;
			buildConfigurationList = 6D6231281C87024200130F86 /* Build configuration list for PBXNativeTarget "TrySwiftTableView" */;
			buildPhases = (
				6D6231121C87024200130F86 /* Sources */,
				6D6231131C87024200130F86 /* Frameworks */,
				6D6231141C87024200130F86 /* Resources */,
			);
			buildRules = (
			);
			dependencies = (
			);
			name = TrySwiftTableView;
			productName = TrySwiftTableView;
			productReference = 6D6231161C87024200130F86 /* TrySwiftTableView.app */;
			productType = "com.apple.product-type.application";
		};
/* End PBXNativeTarget section */

/* Begin PBXProject section */
		6D62310E1C87024200130F86 /* Project object */ = {
			isa = PBXProject;
			attributes = {
				LastSwiftUpdateCheck = 0720;
				LastUpgradeCheck = 0720;
				ORGANIZATIONNAME = "Naoto Onagi";
				TargetAttributes = {
					6D6231151C87024200130F86 = {
						CreatedOnToolsVersion = 7.2;
					};
				};
			};
			buildConfigurationList = 6D6231111C87024200130F86 /* Build configuration list for PBXProject "TrySwiftTableView" */;
			compatibilityVersion = "Xcode 3.2";
			developmentRegion = English;
			hasScannedForEncodings = 0;
			knownRegions = (
				en,
				Base,
			);
			mainGroup = 6D62310D1C87024200130F86;
			productRefGroup = 6D6231171C87024200130F86 /* Products */;
			projectDirPath = "";
			projectRoot = "";
			targets = (
				6D6231151C87024200130F86 /* TrySwiftTableView */,
			);
		};
/* End PBXProject section */

/* Begin PBXResourcesBuildPhase section */
		6D6231141C87024200130F86 /* Resources */ = {
			isa = PBXResourcesBuildPhase;
			buildActionMask = 2147483647;
			files = (
				6D6231241C87024200130F86 /* LaunchScreen.storyboard in Resources */,
				6D6231211C87024200130F86 /* Assets.xcassets in Resources */,
				6D62311F1C87024200130F86 /* Main.storyboard in Resources */,
			);
			runOnlyForDeploymentPostprocessing = 0;
		};
/* End PBXResourcesBuildPhase section */

/* Begin PBXSourcesBuildPhase section */
		6D6231121C87024200130F86 /* Sources */ = {
			isa = PBXSourcesBuildPhase;
			buildActionMask = 2147483647;
			files = (
				6D6231381C871ADC00130F86 /* DataSource.swift in Sources */,
				6D6231341C87073600130F86 /* TrackCell.swift in Sources */,
				6D62311C1C87024200130F86 /* ViewController.swift in Sources */,
				6D62311A1C87024200130F86 /* AppDelegate.swift in Sources */,
				6D62312C1C87039D00130F86 /* Album.swift in Sources */,
				6D62312E1C87044D00130F86 /* Track.swift in Sources */,
			);
			runOnlyForDeploymentPostprocessing = 0;
		};
/* End PBXSourcesBuildPhase section */

/* Begin PBXVariantGroup section */
		6D62311D1C87024200130F86 /* Main.storyboard */ = {
			isa = PBXVariantGroup;
			children = (
				6D62311E1C87024200130F86 /* Base */,
			);
			name = Main.storyboard;
			sourceTree = "<group>";
		};
		6D6231221C87024200130F86 /* LaunchScreen.storyboard */ = {
			isa = PBXVariantGroup;
			children = (
				6D6231231C87024200130F86 /* Base */,
			);
			name = LaunchScreen.storyboard;
			sourceTree = "<group>";
		};
/* End PBXVariantGroup section */

/* Begin XCBuildConfiguration section */
		6D6231261C87024200130F86 /* Debug */ = {
			isa = XCBuildConfiguration;
			buildSettings = {
				ALWAYS_SEARCH_USER_PATHS = NO;
				CLANG_CXX_LANGUAGE_STANDARD = "gnu++0x";
				CLANG_CXX_LIBRARY = "libc++";
				CLANG_ENABLE_MODULES = YES;
				CLANG_ENABLE_OBJC_ARC = YES;
				CLANG_WARN_BOOL_CONVERSION = YES;
				CLANG_WARN_CONSTANT_CONVERSION = YES;
				CLANG_WARN_DIRECT_OBJC_ISA_USAGE = YES_ERROR;
				CLANG_WARN_EMPTY_BODY = YES;
				CLANG_WARN_ENUM_CONVERSION = YES;
				CLANG_WARN_INT_CONVERSION = YES;
				CLANG_WARN_OBJC_ROOT_CLASS = YES_ERROR;
				CLANG_WARN_UNREACHABLE_CODE = YES;
				CLANG_WARN__DUPLICATE_METHOD_MATCH = YES;
				"CODE_SIGN_IDENTITY[sdk=iphoneos*]" = "iPhone Developer";
				COPY_PHASE_STRIP = NO;
				DEBUG_INFORMATION_FORMAT = dwarf;
				ENABLE_STRICT_OBJC_MSGSEND = YES;
				ENABLE_TESTABILITY = YES;
				GCC_C_LANGUAGE_STANDARD = gnu99;
				GCC_DYNAMIC_NO_PIC = NO;
				GCC_NO_COMMON_BLOCKS = YES;
				GCC_OPTIMIZATION_LEVEL = 0;
				GCC_PREPROCESSOR_DEFINITIONS = (
					"DEBUG=1",
					"$(inherited)",
				);
				GCC_WARN_64_TO_32_BIT_CONVERSION = YES;
				GCC_WARN_ABOUT_RETURN_TYPE = YES_ERROR;
				GCC_WARN_UNDECLARED_SELECTOR = YES;
				GCC_WARN_UNINITIALIZED_AUTOS = YES_AGGRESSIVE;
				GCC_WARN_UNUSED_FUNCTION = YES;
				GCC_WARN_UNUSED_VARIABLE = YES;
				IPHONEOS_DEPLOYMENT_TARGET = 9.2;
				MTL_ENABLE_DEBUG_INFO = YES;
				ONLY_ACTIVE_ARCH = YES;
				SDKROOT = iphoneos;
				SWIFT_OPTIMIZATION_LEVEL = "-Onone";
			};
			name = Debug;
		};
		6D6231271C87024200130F86 /* Release */ = {
			isa = XCBuildConfiguration;
			buildSettings = {
				ALWAYS_SEARCH_USER_PATHS = NO;
				CLANG_CXX_LANGUAGE_STANDARD = "gnu++0x";
				CLANG_CXX_LIBRARY = "libc++";
				CLANG_ENABLE_MODULES = YES;
				CLANG_ENABLE_OBJC_ARC = YES;
				CLANG_WARN_BOOL_CONVERSION = YES;
				CLANG_WARN_CONSTANT_CONVERSION = YES;
				CLANG_WARN_DIRECT_OBJC_ISA_USAGE = YES_ERROR;
				CLANG_WARN_EMPTY_BODY = YES;
				CLANG_WARN_ENUM_CONVERSION = YES;
				CLANG_WARN_INT_CONVERSION = YES;
				CLANG_WARN_OBJC_ROOT_CLASS = YES_ERROR;
				CLANG_WARN_UNREACHABLE_CODE = YES;
				CLANG_WARN__DUPLICATE_METHOD_MATCH = YES;
				"CODE_SIGN_IDENTITY[sdk=iphoneos*]" = "iPhone Developer";
				COPY_PHASE_STRIP = NO;
				DEBUG_INFORMATION_FORMAT = "dwarf-with-dsym";
				ENABLE_NS_ASSERTIONS = NO;
				ENABLE_STRICT_OBJC_MSGSEND = YES;
				GCC_C_LANGUAGE_STANDARD = gnu99;
				GCC_NO_COMMON_BLOCKS = YES;
				GCC_WARN_64_TO_32_BIT_CONVERSION = YES;
				GCC_WARN_ABOUT_RETURN_TYPE = YES_ERROR;
				GCC_WARN_UNDECLARED_SELECTOR = YES;
				GCC_WARN_UNINITIALIZED_AUTOS = YES_AGGRESSIVE;
				GCC_WARN_UNUSED_FUNCTION = YES;
				GCC_WARN_UNUSED_VARIABLE = YES;
				IPHONEOS_DEPLOYMENT_TARGET = 9.2;
				MTL_ENABLE_DEBUG_INFO = NO;
				SDKROOT = iphoneos;
				VALIDATE_PRODUCT = YES;
			};
			name = Release;
		};
		6D6231291C87024200130F86 /* Debug */ = {
			isa = XCBuildConfiguration;
			buildSettings = {
				ASSETCATALOG_COMPILER_APPICON_NAME = AppIcon;
				INFOPLIST_FILE = TrySwiftTableView/Info.plist;
				LD_RUNPATH_SEARCH_PATHS = "$(inherited) @executable_path/Frameworks";
				PRODUCT_BUNDLE_IDENTIFIER = com.onaginaoto.TrySwiftTableView;
				PRODUCT_NAME = "$(TARGET_NAME)";
			};
			name = Debug;
		};
		6D62312A1C87024200130F86 /* Release */ = {
			isa = XCBuildConfiguration;
			buildSettings = {
				ASSETCATALOG_COMPILER_APPICON_NAME = AppIcon;
				INFOPLIST_FILE = TrySwiftTableView/Info.plist;
				LD_RUNPATH_SEARCH_PATHS = "$(inherited) @executable_path/Frameworks";
				PRODUCT_BUNDLE_IDENTIFIER = com.onaginaoto.TrySwiftTableView;
				PRODUCT_NAME = "$(TARGET_NAME)";
			};
			name = Release;
		};
/* End XCBuildConfiguration section */

/* Begin XCConfigurationList section */
		6D6231111C87024200130F86 /* Build configuration list for PBXProject "TrySwiftTableView" */ = {
			isa = XCConfigurationList;
			buildConfigurations = (
				6D6231261C87024200130F86 /* Debug */,
				6D6231271C87024200130F86 /* Release */,
			);
			defaultConfigurationIsVisible = 0;
			defaultConfigurationName = Release;
		};
		6D6231281C87024200130F86 /* Build configuration list for PBXNativeTarget "TrySwiftTableView" */ = {
			isa = XCConfigurationList;
			buildConfigurations = (
				6D6231291C87024200130F86 /* Debug */,
				6D62312A1C87024200130F86 /* Release */,
			);
			defaultConfigurationIsVisible = 0;
			defaultConfigurationName = Release;
		};
/* End XCConfigurationList section */
	};
	rootObject = 6D62310E1C87024200130F86 /* Project object */;
}
